
Microsoft Visual Studio Solution File, Format Version 12.00
# Visual Studio Version 17
VisualStudioVersion = 17.8.34330.188
MinimumVisualStudioVersion = 10.0.40219.1
Project("{9A19103F-16F7-4668-BE54-9A1E7A4F7556}") = "00._Algorithm", "00._Algorithm\00._Algorithm.csproj", "{EA5F323F-68B6-429A-870F-73BE4B4174B1}"
EndProject
Project("{9A19103F-16F7-4668-BE54-9A1E7A4F7556}") = "01._List", "01._List\01._List.csproj", "{4D26D749-9C61-402E-B23A-E1DBA7BE9DF7}"
EndProject
Project("{9A19103F-16F7-4668-BE54-9A1E7A4F7556}") = "02._LinkedList", "02._LinkedList\02._LinkedList.csproj", "{A707D2BB-9E9E-4A46-BE09-823A3C330DC6}"
EndProject
Project("{9A19103F-16F7-4668-BE54-9A1E7A4F7556}") = "03._Stack", "03._Stack\03._Stack.csproj", "{E223B7D7-889F-4473-B6E5-ECE4BCCC6A13}"
EndProject
Project("{9A19103F-16F7-4668-BE54-9A1E7A4F7556}") = "04._Queue", "04._Queue\04._Queue.csproj", "{56C1EE1A-4A11-4D29-A609-35E88A76592D}"
EndProject
Project("{9A19103F-16F7-4668-BE54-9A1E7A4F7556}") = "05._BinarySearchTree", "05._BinarySearchTree\05._BinarySearchTree.csproj", "{AD11B5B1-82E3-485E-9143-5A679F72066E}"
EndProject
Project("{9A19103F-16F7-4668-BE54-9A1E7A4F7556}") = "06._Heap", "06._Heap\06._Heap.csproj", "{3A6DA4F0-C437-4E8F-ACF5-1BEE4F38D336}"
EndProject
Project("{9A19103F-16F7-4668-BE54-9A1E7A4F7556}") = "07._Hashtable", "07._Hashtable\07._Hashtable.csproj", "{E4574DD0-8E89-400A-9F98-8B862D1C20DC}"
EndProject
Project("{9A19103F-16F7-4668-BE54-9A1E7A4F7556}") = "08._DesignTechnique", "08._DesignTechnique\08._DesignTechnique.csproj", "{4CF5501A-1479-4827-A0F0-D90F790F6CCC}"
EndProject
Project("{FAE04EC0-301F-11D3-BF4B-00C04F79EFBC}") = "09._Sort", "09._Sort\09._Sort.csproj", "{09D5906C-12CD-4C68-BA92-10C8BB7BA412}"
EndProject
Global
	GlobalSection(SolutionConfigurationPlatforms) = preSolution
		Debug|Any CPU = Debug|Any CPU
		Release|Any CPU = Release|Any CPU
	EndGlobalSection
	GlobalSection(ProjectConfigurationPlatforms) = postSolution
		{EA5F323F-68B6-429A-870F-73BE4B4174B1}.Debug|Any CPU.ActiveCfg = Debug|Any CPU
		{EA5F323F-68B6-429A-870F-73BE4B4174B1}.Debug|Any CPU.Build.0 = Debug|Any CPU
		{EA5F323F-68B6-429A-870F-73BE4B4174B1}.Release|Any CPU.ActiveCfg = Release|Any CPU
		{EA5F323F-68B6-429A-870F-73BE4B4174B1}.Release|Any CPU.Build.0 = Release|Any CPU
		{4D26D749-9C61-402E-B23A-E1DBA7BE9DF7}.Debug|Any CPU.ActiveCfg = Debug|Any CPU
		{4D26D749-9C61-402E-B23A-E1DBA7BE9DF7}.Debug|Any CPU.Build.0 = Debug|Any CPU
		{4D26D749-9C61-402E-B23A-E1DBA7BE9DF7}.Release|Any CPU.ActiveCfg = Release|Any CPU
		{4D26D749-9C61-402E-B23A-E1DBA7BE9DF7}.Release|Any CPU.Build.0 = Release|Any CPU
		{A707D2BB-9E9E-4A46-BE09-823A3C330DC6}.Debug|Any CPU.ActiveCfg = Debug|Any CPU
		{A707D2BB-9E9E-4A46-BE09-823A3C330DC6}.Debug|Any CPU.Build.0 = Debug|Any CPU
		{A707D2BB-9E9E-4A46-BE09-823A3C330DC6}.Release|Any CPU.ActiveCfg = Release|Any CPU
		{A707D2BB-9E9E-4A46-BE09-823A3C330DC6}.Release|Any CPU.Build.0 = Release|Any CPU
		{E223B7D7-889F-4473-B6E5-ECE4BCCC6A13}.Debug|Any CPU.ActiveCfg = Debug|Any CPU
		{E223B7D7-889F-4473-B6E5-ECE4BCCC6A13}.Debug|Any CPU.Build.0 = Debug|Any CPU
		{E223B7D7-889F-4473-B6E5-ECE4BCCC6A13}.Release|Any CPU.ActiveCfg = Release|Any CPU
		{E223B7D7-889F-4473-B6E5-ECE4BCCC6A13}.Release|Any CPU.Build.0 = Release|Any CPU
		{56C1EE1A-4A11-4D29-A609-35E88A76592D}.Debug|Any CPU.ActiveCfg = Debug|Any CPU
		{56C1EE1A-4A11-4D29-A609-35E88A76592D}.Debug|Any CPU.Build.0 = Debug|Any CPU
		{56C1EE1A-4A11-4D29-A609-35E88A76592D}.Release|Any CPU.ActiveCfg = Release|Any CPU
		{56C1EE1A-4A11-4D29-A609-35E88A76592D}.Release|Any CPU.Build.0 = Release|Any CPU
		{AD11B5B1-82E3-485E-9143-5A679F72066E}.Debug|Any CPU.ActiveCfg = Debug|Any CPU
		{AD11B5B1-82E3-485E-9143-5A679F72066E}.Debug|Any CPU.Build.0 = Debug|Any CPU
		{AD11B5B1-82E3-485E-9143-5A679F72066E}.Release|Any CPU.ActiveCfg = Release|Any CPU
		{AD11B5B1-82E3-485E-9143-5A679F72066E}.Release|Any CPU.Build.0 = Release|Any CPU
		{3A6DA4F0-C437-4E8F-ACF5-1BEE4F38D336}.Debug|Any CPU.ActiveCfg = Debug|Any CPU
		{3A6DA4F0-C437-4E8F-ACF5-1BEE4F38D336}.Debug|Any CPU.Build.0 = Debug|Any CPU
		{3A6DA4F0-C437-4E8F-ACF5-1BEE4F38D336}.Release|Any CPU.ActiveCfg = Release|Any CPU
		{3A6DA4F0-C437-4E8F-ACF5-1BEE4F38D336}.Release|Any CPU.Build.0 = Release|Any CPU
		{E4574DD0-8E89-400A-9F98-8B862D1C20DC}.Debug|Any CPU.ActiveCfg = Debug|Any CPU
		{E4574DD0-8E89-400A-9F98-8B862D1C20DC}.Debug|Any CPU.Build.0 = Debug|Any CPU
		{E4574DD0-8E89-400A-9F98-8B862D1C20DC}.Release|Any CPU.ActiveCfg = Release|Any CPU
		{E4574DD0-8E89-400A-9F98-8B862D1C20DC}.Release|Any CPU.Build.0 = Release|Any CPU
		{4CF5501A-1479-4827-A0F0-D90F790F6CCC}.Debug|Any CPU.ActiveCfg = Debug|Any CPU
		{4CF5501A-1479-4827-A0F0-D90F790F6CCC}.Debug|Any CPU.Build.0 = Debug|Any CPU
		{4CF5501A-1479-4827-A0F0-D90F790F6CCC}.Release|Any CPU.ActiveCfg = Release|Any CPU
		{4CF5501A-1479-4827-A0F0-D90F790F6CCC}.Release|Any CPU.Build.0 = Release|Any CPU
		{09D5906C-12CD-4C68-BA92-10C8BB7BA412}.Debug|Any CPU.ActiveCfg = Debug|Any CPU
		{09D5906C-12CD-4C68-BA92-10C8BB7BA412}.Debug|Any CPU.Build.0 = Debug|Any CPU
		{09D5906C-12CD-4C68-BA92-10C8BB7BA412}.Release|Any CPU.ActiveCfg = Release|Any CPU
		{09D5906C-12CD-4C68-BA92-10C8BB7BA412}.Release|Any CPU.Build.0 = Release|Any CPU
	EndGlobalSection
	GlobalSection(SolutionProperties) = preSolution
		HideSolutionNode = FALSE
	EndGlobalSection
	GlobalSection(ExtensibilityGlobals) = postSolution
		SolutionGuid = {B5CC7668-43B7-4A74-94BB-6E8ED84A1405}
	EndGlobalSection
EndGlobal
